// !$*UTF8*$!
{
	archiveVersion = 1;
	classes = {
	};
	objectVersion = 46;
	objects = {

/* Begin PBXBuildFile section */
		335AF67F1C3A682D006EA113 /* main.m in Sources */ = {isa = PBXBuildFile; fileRef = 335AF67E1C3A682D006EA113 /* main.m */; };
		335AF6821C3A682D006EA113 /* AppDelegate.m in Sources */ = {isa = PBXBuildFile; fileRef = 335AF6811C3A682D006EA113 /* AppDelegate.m */; };
		335AF6881C3A682D006EA113 /* Main.storyboard in Resources */ = {isa = PBXBuildFile; fileRef = 335AF6861C3A682D006EA113 /* Main.storyboard */; };
		335AF68B1C3A682D006EA113 /* HDMovie.xcdatamodeld in Sources */ = {isa = PBXBuildFile; fileRef = 335AF6891C3A682D006EA113 /* HDMovie.xcdatamodeld */; };
		335AF68D1C3A682D006EA113 /* Assets.xcassets in Resources */ = {isa = PBXBuildFile; fileRef = 335AF68C1C3A682D006EA113 /* Assets.xcassets */; };
		335AF6901C3A682D006EA113 /* LaunchScreen.storyboard in Resources */ = {isa = PBXBuildFile; fileRef = 335AF68E1C3A682D006EA113 /* LaunchScreen.storyboard */; };
		335AF69B1C3A682D006EA113 /* HDMovieTests.m in Sources */ = {isa = PBXBuildFile; fileRef = 335AF69A1C3A682D006EA113 /* HDMovieTests.m */; };
		335AF6A61C3A682D006EA113 /* HDMovieUITests.m in Sources */ = {isa = PBXBuildFile; fileRef = 335AF6A51C3A682D006EA113 /* HDMovieUITests.m */; };
		335AF6B51C3A7A6A006EA113 /* CollectionViewController.m in Sources */ = {isa = PBXBuildFile; fileRef = 335AF6B41C3A7A6A006EA113 /* CollectionViewController.m */; };
		335AF6B81C3A7A87006EA113 /* CollectionViewCell.m in Sources */ = {isa = PBXBuildFile; fileRef = 335AF6B71C3A7A87006EA113 /* CollectionViewCell.m */; };
		335AF6BB1C3CB171006EA113 /* HeaderCollectionView.m in Sources */ = {isa = PBXBuildFile; fileRef = 335AF6BA1C3CB171006EA113 /* HeaderCollectionView.m */; };
		335AF6BE1C3CB801006EA113 /* ApiConnect.m in Sources */ = {isa = PBXBuildFile; fileRef = 335AF6BD1C3CB801006EA113 /* ApiConnect.m */; };
		335AF6C61C3CC49E006EA113 /* Post.m in Sources */ = {isa = PBXBuildFile; fileRef = 335AF6C51C3CC49E006EA113 /* Post.m */; };
		335AF6C91C3CC4C9006EA113 /* User.m in Sources */ = {isa = PBXBuildFile; fileRef = 335AF6C81C3CC4C9006EA113 /* User.m */; };
		335AF6D31C3CC7E3006EA113 /* AFNetworking in Resources */ = {isa = PBXBuildFile; fileRef = 335AF6D21C3CC7E3006EA113 /* AFNetworking */; };
		335AF6F11C3CC8ED006EA113 /* AFAppDotNetAPIClient.m in Sources */ = {isa = PBXBuildFile; fileRef = 335AF6F01C3CC8ED006EA113 /* AFAppDotNetAPIClient.m */; };
		335AF6F51C3CCA2D006EA113 /* AFNetworking in Resources */ = {isa = PBXBuildFile; fileRef = 335AF6F41C3CCA2D006EA113 /* AFNetworking */; };
		335AF6F91C3D1824006EA113 /* Movie.m in Sources */ = {isa = PBXBuildFile; fileRef = 335AF6F81C3D1824006EA113 /* Movie.m */; };
		336EB7AA1C3E1285004FCBF9 /* Categories.m in Sources */ = {isa = PBXBuildFile; fileRef = 336EB7A91C3E1285004FCBF9 /* Categories.m */; };
		336EB7AD1C3E14A5004FCBF9 /* JSONModel.framework in Frameworks */ = {isa = PBXBuildFile; fileRef = 336EB7AB1C3E1453004FCBF9 /* JSONModel.framework */; };
		336EB7B11C3E155E004FCBF9 /* CoreData.framework in Frameworks */ = {isa = PBXBuildFile; fileRef = 336EB7B01C3E155E004FCBF9 /* CoreData.framework */; };
		336EB7B31C3E156A004FCBF9 /* SystemConfiguration.framework in Frameworks */ = {isa = PBXBuildFile; fileRef = 336EB7B21C3E156A004FCBF9 /* SystemConfiguration.framework */; };
		336EB7B51C3E157D004FCBF9 /* UIKit.framework in Frameworks */ = {isa = PBXBuildFile; fileRef = 336EB7B41C3E157D004FCBF9 /* UIKit.framework */; };
		336EB7B71C3E1588004FCBF9 /* Foundation.framework in Frameworks */ = {isa = PBXBuildFile; fileRef = 336EB7B61C3E1588004FCBF9 /* Foundation.framework */; };
		336EB7D61C3E240E004FCBF9 /* UIKit+AFNetworking in Resources */ = {isa = PBXBuildFile; fileRef = 336EB7D51C3E240E004FCBF9 /* UIKit+AFNetworking */; };
		336EB7D91C3E28CF004FCBF9 /* DetailController.m in Sources */ = {isa = PBXBuildFile; fileRef = 336EB7D81C3E28CF004FCBF9 /* DetailController.m */; };
		33D4CBBB1C3F7A1F00F4235C /* UIKit+AFNetworking in Sources */ = {isa = PBXBuildFile; fileRef = 336EB7D51C3E240E004FCBF9 /* UIKit+AFNetworking */; };
		33D4CBBC1C3F7A2900F4235C /* AFNetworking in Sources */ = {isa = PBXBuildFile; fileRef = 335AF6F41C3CCA2D006EA113 /* AFNetworking */; };
/* End PBXBuildFile section */

/* Begin PBXContainerItemProxy section */
		335AF6971C3A682D006EA113 /* PBXContainerItemProxy */ = {
			isa = PBXContainerItemProxy;
			containerPortal = 335AF6721C3A682C006EA113 /* Project object */;
			proxyType = 1;
			remoteGlobalIDString = 335AF6791C3A682D006EA113;
			remoteInfo = HDMovie;
		};
		335AF6A21C3A682D006EA113 /* PBXContainerItemProxy */ = {
			isa = PBXContainerItemProxy;
			containerPortal = 335AF6721C3A682C006EA113 /* Project object */;
			proxyType = 1;
			remoteGlobalIDString = 335AF6791C3A682D006EA113;
			remoteInfo = HDMovie;
		};
/* End PBXContainerItemProxy section */

/* Begin PBXFileReference section */
		335AF67A1C3A682D006EA113 /* HDMovie.app */ = {isa = PBXFileReference; explicitFileType = wrapper.application; includeInIndex = 0; path = HDMovie.app; sourceTree = BUILT_PRODUCTS_DIR; };
		335AF67E1C3A682D006EA113 /* main.m */ = {isa = PBXFileReference; lastKnownFileType = sourcecode.c.objc; path = main.m; sourceTree = "<group>"; };
		335AF6801C3A682D006EA113 /* AppDelegate.h */ = {isa = PBXFileReference; lastKnownFileType = sourcecode.c.h; path = AppDelegate.h; sourceTree = "<group>"; };
		335AF6811C3A682D006EA113 /* AppDelegate.m */ = {isa = PBXFileReference; lastKnownFileType = sourcecode.c.objc; path = AppDelegate.m; sourceTree = "<group>"; };
		335AF6871C3A682D006EA113 /* Base */ = {isa = PBXFileReference; lastKnownFileType = file.storyboard; name = Base; path = Base.lproj/Main.storyboard; sourceTree = "<group>"; };
		335AF68A1C3A682D006EA113 /* HDMovie.xcdatamodel */ = {isa = PBXFileReference; lastKnownFileType = wrapper.xcdatamodel; path = HDMovie.xcdatamodel; sourceTree = "<group>"; };
		335AF68C1C3A682D006EA113 /* Assets.xcassets */ = {isa = PBXFileReference; lastKnownFileType = folder.assetcatalog; path = Assets.xcassets; sourceTree = "<group>"; };
		335AF68F1C3A682D006EA113 /* Base */ = {isa = PBXFileReference; lastKnownFileType = file.storyboard; name = Base; path = Base.lproj/LaunchScreen.storyboard; sourceTree = "<group>"; };
		335AF6911C3A682D006EA113 /* Info.plist */ = {isa = PBXFileReference; lastKnownFileType = text.plist.xml; path = Info.plist; sourceTree = "<group>"; };
		335AF6961C3A682D006EA113 /* HDMovieTests.xctest */ = {isa = PBXFileReference; explicitFileType = wrapper.cfbundle; includeInIndex = 0; path = HDMovieTests.xctest; sourceTree = BUILT_PRODUCTS_DIR; };
		335AF69A1C3A682D006EA113 /* HDMovieTests.m */ = {isa = PBXFileReference; lastKnownFileType = sourcecode.c.objc; path = HDMovieTests.m; sourceTree = "<group>"; };
		335AF69C1C3A682D006EA113 /* Info.plist */ = {isa = PBXFileReference; lastKnownFileType = text.plist.xml; path = Info.plist; sourceTree = "<group>"; };
		335AF6A11C3A682D006EA113 /* HDMovieUITests.xctest */ = {isa = PBXFileReference; explicitFileType = wrapper.cfbundle; includeInIndex = 0; path = HDMovieUITests.xctest; sourceTree = BUILT_PRODUCTS_DIR; };
		335AF6A51C3A682D006EA113 /* HDMovieUITests.m */ = {isa = PBXFileReference; lastKnownFileType = sourcecode.c.objc; path = HDMovieUITests.m; sourceTree = "<group>"; };
		335AF6A71C3A682D006EA113 /* Info.plist */ = {isa = PBXFileReference; lastKnownFileType = text.plist.xml; path = Info.plist; sourceTree = "<group>"; };
		335AF6B31C3A7A6A006EA113 /* CollectionViewController.h */ = {isa = PBXFileReference; fileEncoding = 4; lastKnownFileType = sourcecode.c.h; path = CollectionViewController.h; sourceTree = "<group>"; };
		335AF6B41C3A7A6A006EA113 /* CollectionViewController.m */ = {isa = PBXFileReference; fileEncoding = 4; lastKnownFileType = sourcecode.c.objc; path = CollectionViewController.m; sourceTree = "<group>"; };
		335AF6B61C3A7A87006EA113 /* CollectionViewCell.h */ = {isa = PBXFileReference; fileEncoding = 4; lastKnownFileType = sourcecode.c.h; path = CollectionViewCell.h; sourceTree = "<group>"; };
		335AF6B71C3A7A87006EA113 /* CollectionViewCell.m */ = {isa = PBXFileReference; fileEncoding = 4; lastKnownFileType = sourcecode.c.objc; path = CollectionViewCell.m; sourceTree = "<group>"; };
		335AF6B91C3CB171006EA113 /* HeaderCollectionView.h */ = {isa = PBXFileReference; fileEncoding = 4; lastKnownFileType = sourcecode.c.h; path = HeaderCollectionView.h; sourceTree = "<group>"; };
		335AF6BA1C3CB171006EA113 /* HeaderCollectionView.m */ = {isa = PBXFileReference; fileEncoding = 4; lastKnownFileType = sourcecode.c.objc; path = HeaderCollectionView.m; sourceTree = "<group>"; };
		335AF6BC1C3CB801006EA113 /* ApiConnect.h */ = {isa = PBXFileReference; fileEncoding = 4; lastKnownFileType = sourcecode.c.h; path = ApiConnect.h; sourceTree = "<group>"; };
		335AF6BD1C3CB801006EA113 /* ApiConnect.m */ = {isa = PBXFileReference; fileEncoding = 4; lastKnownFileType = sourcecode.c.objc; path = ApiConnect.m; sourceTree = "<group>"; };
		335AF6BF1C3CB901006EA113 /* Define.h */ = {isa = PBXFileReference; lastKnownFileType = sourcecode.c.h; path = Define.h; sourceTree = "<group>"; };
		335AF6C41C3CC49E006EA113 /* Post.h */ = {isa = PBXFileReference; fileEncoding = 4; lastKnownFileType = sourcecode.c.h; path = Post.h; sourceTree = "<group>"; };
		335AF6C51C3CC49E006EA113 /* Post.m */ = {isa = PBXFileReference; fileEncoding = 4; lastKnownFileType = sourcecode.c.objc; path = Post.m; sourceTree = "<group>"; };
		335AF6C71C3CC4C9006EA113 /* User.h */ = {isa = PBXFileReference; fileEncoding = 4; lastKnownFileType = sourcecode.c.h; path = User.h; sourceTree = "<group>"; };
		335AF6C81C3CC4C9006EA113 /* User.m */ = {isa = PBXFileReference; fileEncoding = 4; lastKnownFileType = sourcecode.c.objc; path = User.m; sourceTree = "<group>"; };
		335AF6D21C3CC7E3006EA113 /* AFNetworking */ = {isa = PBXFileReference; lastKnownFileType = folder; name = AFNetworking; path = /Users/iservice/Code/LearnIOS/HDMovie/HDMovie/AFNetworking; sourceTree = "<absolute>"; };
		335AF6EF1C3CC8ED006EA113 /* AFAppDotNetAPIClient.h */ = {isa = PBXFileReference; fileEncoding = 4; lastKnownFileType = sourcecode.c.h; path = AFAppDotNetAPIClient.h; sourceTree = "<group>"; };
		335AF6F01C3CC8ED006EA113 /* AFAppDotNetAPIClient.m */ = {isa = PBXFileReference; fileEncoding = 4; lastKnownFileType = sourcecode.c.objc; path = AFAppDotNetAPIClient.m; sourceTree = "<group>"; };
		335AF6F41C3CCA2D006EA113 /* AFNetworking */ = {isa = PBXFileReference; lastKnownFileType = folder; path = AFNetworking; sourceTree = "<group>"; };
		335AF6F71C3D1824006EA113 /* Movie.h */ = {isa = PBXFileReference; fileEncoding = 4; lastKnownFileType = sourcecode.c.h; path = Movie.h; sourceTree = "<group>"; };
		335AF6F81C3D1824006EA113 /* Movie.m */ = {isa = PBXFileReference; fileEncoding = 4; lastKnownFileType = sourcecode.c.objc; path = Movie.m; sourceTree = "<group>"; };
		336EB7A81C3E1285004FCBF9 /* Categories.h */ = {isa = PBXFileReference; fileEncoding = 4; lastKnownFileType = sourcecode.c.h; path = Categories.h; sourceTree = "<group>"; };
		336EB7A91C3E1285004FCBF9 /* Categories.m */ = {isa = PBXFileReference; fileEncoding = 4; lastKnownFileType = sourcecode.c.objc; path = Categories.m; sourceTree = "<group>"; };
		336EB7AB1C3E1453004FCBF9 /* JSONModel.framework */ = {isa = PBXFileReference; lastKnownFileType = wrapper.framework; name = JSONModel.framework; path = "../build/Debug-iphoneos/JSONModel.framework"; sourceTree = "<group>"; };
		336EB7B01C3E155E004FCBF9 /* CoreData.framework */ = {isa = PBXFileReference; lastKnownFileType = wrapper.framework; name = CoreData.framework; path = System/Library/Frameworks/CoreData.framework; sourceTree = SDKROOT; };
		336EB7B21C3E156A004FCBF9 /* SystemConfiguration.framework */ = {isa = PBXFileReference; lastKnownFileType = wrapper.framework; name = SystemConfiguration.framework; path = System/Library/Frameworks/SystemConfiguration.framework; sourceTree = SDKROOT; };
		336EB7B41C3E157D004FCBF9 /* UIKit.framework */ = {isa = PBXFileReference; lastKnownFileType = wrapper.framework; name = UIKit.framework; path = System/Library/Frameworks/UIKit.framework; sourceTree = SDKROOT; };
		336EB7B61C3E1588004FCBF9 /* Foundation.framework */ = {isa = PBXFileReference; lastKnownFileType = wrapper.framework; name = Foundation.framework; path = System/Library/Frameworks/Foundation.framework; sourceTree = SDKROOT; };
		336EB7D51C3E240E004FCBF9 /* UIKit+AFNetworking */ = {isa = PBXFileReference; lastKnownFileType = folder; path = "UIKit+AFNetworking"; sourceTree = "<group>"; };
		336EB7D71C3E28CF004FCBF9 /* DetailController.h */ = {isa = PBXFileReference; fileEncoding = 4; lastKnownFileType = sourcecode.c.h; path = DetailController.h; sourceTree = "<group>"; };
		336EB7D81C3E28CF004FCBF9 /* DetailController.m */ = {isa = PBXFileReference; fileEncoding = 4; lastKnownFileType = sourcecode.c.objc; path = DetailController.m; sourceTree = "<group>"; };
		33D4CBBD1C3F861500F4235C /* JSONModelLib.h */ = {isa = PBXFileReference; fileEncoding = 4; lastKnownFileType = sourcecode.c.h; name = JSONModelLib.h; path = ../JSONModel/JSONModelLib.h; sourceTree = "<group>"; };
		33D4CBBE1C3F861500F4235C /* JSONModel.h */ = {isa = PBXFileReference; fileEncoding = 4; lastKnownFileType = sourcecode.c.h; path = JSONModel.h; sourceTree = "<group>"; };
		33D4CBBF1C3F861500F4235C /* JSONModel.m */ = {isa = PBXFileReference; fileEncoding = 4; lastKnownFileType = sourcecode.c.objc; path = JSONModel.m; sourceTree = "<group>"; };
		33D4CBC01C3F861500F4235C /* JSONModelArray.h */ = {isa = PBXFileReference; fileEncoding = 4; lastKnownFileType = sourcecode.c.h; path = JSONModelArray.h; sourceTree = "<group>"; };
		33D4CBC11C3F861500F4235C /* JSONModelArray.m */ = {isa = PBXFileReference; fileEncoding = 4; lastKnownFileType = sourcecode.c.objc; path = JSONModelArray.m; sourceTree = "<group>"; };
		33D4CBC21C3F861500F4235C /* JSONModelClassProperty.h */ = {isa = PBXFileReference; fileEncoding = 4; lastKnownFileType = sourcecode.c.h; path = JSONModelClassProperty.h; sourceTree = "<group>"; };
		33D4CBC31C3F861500F4235C /* JSONModelClassProperty.m */ = {isa = PBXFileReference; fileEncoding = 4; lastKnownFileType = sourcecode.c.objc; path = JSONModelClassProperty.m; sourceTree = "<group>"; };
		33D4CBC41C3F861500F4235C /* JSONModelError.h */ = {isa = PBXFileReference; fileEncoding = 4; lastKnownFileType = sourcecode.c.h; path = JSONModelError.h; sourceTree = "<group>"; };
		33D4CBC51C3F861500F4235C /* JSONModelError.m */ = {isa = PBXFileReference; fileEncoding = 4; lastKnownFileType = sourcecode.c.objc; path = JSONModelError.m; sourceTree = "<group>"; };
		33D4CBC71C3F861500F4235C /* NSArray+JSONModel.h */ = {isa = PBXFileReference; fileEncoding = 4; lastKnownFileType = sourcecode.c.h; path = "NSArray+JSONModel.h"; sourceTree = "<group>"; };
		33D4CBC81C3F861500F4235C /* NSArray+JSONModel.m */ = {isa = PBXFileReference; fileEncoding = 4; lastKnownFileType = sourcecode.c.objc; path = "NSArray+JSONModel.m"; sourceTree = "<group>"; };
		33D4CBCA1C3F861500F4235C /* JSONAPI.h */ = {isa = PBXFileReference; fileEncoding = 4; lastKnownFileType = sourcecode.c.h; path = JSONAPI.h; sourceTree = "<group>"; };
		33D4CBCB1C3F861500F4235C /* JSONAPI.m */ = {isa = PBXFileReference; fileEncoding = 4; lastKnownFileType = sourcecode.c.objc; path = JSONAPI.m; sourceTree = "<group>"; };
		33D4CBCC1C3F861500F4235C /* JSONHTTPClient.h */ = {isa = PBXFileReference; fileEncoding = 4; lastKnownFileType = sourcecode.c.h; path = JSONHTTPClient.h; sourceTree = "<group>"; };
		33D4CBCD1C3F861500F4235C /* JSONHTTPClient.m */ = {isa = PBXFileReference; fileEncoding = 4; lastKnownFileType = sourcecode.c.objc; path = JSONHTTPClient.m; sourceTree = "<group>"; };
		33D4CBCE1C3F861500F4235C /* JSONModel+networking.h */ = {isa = PBXFileReference; fileEncoding = 4; lastKnownFileType = sourcecode.c.h; path = "JSONModel+networking.h"; sourceTree = "<group>"; };
		33D4CBCF1C3F861500F4235C /* JSONModel+networking.m */ = {isa = PBXFileReference; fileEncoding = 4; lastKnownFileType = sourcecode.c.objc; path = "JSONModel+networking.m"; sourceTree = "<group>"; };
		33D4CBD11C3F861500F4235C /* JSONKeyMapper.h */ = {isa = PBXFileReference; fileEncoding = 4; lastKnownFileType = sourcecode.c.h; path = JSONKeyMapper.h; sourceTree = "<group>"; };
		33D4CBD21C3F861500F4235C /* JSONKeyMapper.m */ = {isa = PBXFileReference; fileEncoding = 4; lastKnownFileType = sourcecode.c.objc; path = JSONKeyMapper.m; sourceTree = "<group>"; };
		33D4CBD31C3F861500F4235C /* JSONValueTransformer.h */ = {isa = PBXFileReference; fileEncoding = 4; lastKnownFileType = sourcecode.c.h; path = JSONValueTransformer.h; sourceTree = "<group>"; };
		33D4CBD41C3F861500F4235C /* JSONValueTransformer.m */ = {isa = PBXFileReference; fileEncoding = 4; lastKnownFileType = sourcecode.c.objc; path = JSONValueTransformer.m; sourceTree = "<group>"; };
/* End PBXFileReference section */

/* Begin PBXFrameworksBuildPhase section */
		335AF6771C3A682D006EA113 /* Frameworks */ = {
			isa = PBXFrameworksBuildPhase;
			buildActionMask = 2147483647;
			files = (
				336EB7B71C3E1588004FCBF9 /* Foundation.framework in Frameworks */,
				336EB7B51C3E157D004FCBF9 /* UIKit.framework in Frameworks */,
				336EB7B31C3E156A004FCBF9 /* SystemConfiguration.framework in Frameworks */,
				336EB7B11C3E155E004FCBF9 /* CoreData.framework in Frameworks */,
				336EB7AD1C3E14A5004FCBF9 /* JSONModel.framework in Frameworks */,
			);
			runOnlyForDeploymentPostprocessing = 0;
		};
		335AF6931C3A682D006EA113 /* Frameworks */ = {
			isa = PBXFrameworksBuildPhase;
			buildActionMask = 2147483647;
			files = (
			);
			runOnlyForDeploymentPostprocessing = 0;
		};
		335AF69E1C3A682D006EA113 /* Frameworks */ = {
			isa = PBXFrameworksBuildPhase;
			buildActionMask = 2147483647;
			files = (
			);
			runOnlyForDeploymentPostprocessing = 0;
		};
/* End PBXFrameworksBuildPhase section */

/* Begin PBXGroup section */
		335AF6711C3A682C006EA113 = {
			isa = PBXGroup;
			children = (
				336EB7B61C3E1588004FCBF9 /* Foundation.framework */,
				336EB7B41C3E157D004FCBF9 /* UIKit.framework */,
				336EB7B21C3E156A004FCBF9 /* SystemConfiguration.framework */,
				336EB7B01C3E155E004FCBF9 /* CoreData.framework */,
				336EB7AB1C3E1453004FCBF9 /* JSONModel.framework */,
				335AF67C1C3A682D006EA113 /* HDMovie */,
				335AF6991C3A682D006EA113 /* HDMovieTests */,
				335AF6A41C3A682D006EA113 /* HDMovieUITests */,
				335AF67B1C3A682D006EA113 /* Products */,
			);
			sourceTree = "<group>";
		};
		335AF67B1C3A682D006EA113 /* Products */ = {
			isa = PBXGroup;
			children = (
				335AF67A1C3A682D006EA113 /* HDMovie.app */,
				335AF6961C3A682D006EA113 /* HDMovieTests.xctest */,
				335AF6A11C3A682D006EA113 /* HDMovieUITests.xctest */,
			);
			name = Products;
			sourceTree = "<group>";
		};
		335AF67C1C3A682D006EA113 /* HDMovie */ = {
			isa = PBXGroup;
			children = (
				336EB7D51C3E240E004FCBF9 /* UIKit+AFNetworking */,
				335AF6F61C3D17FE006EA113 /* Models */,
				335AF6801C3A682D006EA113 /* AppDelegate.h */,
				33D4CBBD1C3F861500F4235C /* JSONModelLib.h */,
				33D4CBC61C3F861500F4235C /* JSONModel */,
				33D4CBC91C3F861500F4235C /* JSONModelCategories */,
				33D4CBD01C3F861500F4235C /* JSONModelNetworking */,
				33D4CBD51C3F861500F4235C /* JSONModelTransformations */,
				335AF6811C3A682D006EA113 /* AppDelegate.m */,
				335AF6861C3A682D006EA113 /* Main.storyboard */,
				335AF68C1C3A682D006EA113 /* Assets.xcassets */,
				335AF68E1C3A682D006EA113 /* LaunchScreen.storyboard */,
				335AF6F41C3CCA2D006EA113 /* AFNetworking */,
				335AF6911C3A682D006EA113 /* Info.plist */,
				335AF6891C3A682D006EA113 /* HDMovie.xcdatamodeld */,
				335AF67D1C3A682D006EA113 /* Supporting Files */,
				335AF6B31C3A7A6A006EA113 /* CollectionViewController.h */,
				335AF6B41C3A7A6A006EA113 /* CollectionViewController.m */,
				335AF6EF1C3CC8ED006EA113 /* AFAppDotNetAPIClient.h */,
				335AF6F01C3CC8ED006EA113 /* AFAppDotNetAPIClient.m */,
				335AF6B61C3A7A87006EA113 /* CollectionViewCell.h */,
				335AF6B71C3A7A87006EA113 /* CollectionViewCell.m */,
				335AF6B91C3CB171006EA113 /* HeaderCollectionView.h */,
				335AF6BA1C3CB171006EA113 /* HeaderCollectionView.m */,
				335AF6BC1C3CB801006EA113 /* ApiConnect.h */,
				335AF6BD1C3CB801006EA113 /* ApiConnect.m */,
				335AF6BF1C3CB901006EA113 /* Define.h */,
				335AF6C41C3CC49E006EA113 /* Post.h */,
				335AF6C51C3CC49E006EA113 /* Post.m */,
				335AF6C71C3CC4C9006EA113 /* User.h */,
				335AF6C81C3CC4C9006EA113 /* User.m */,
				336EB7D71C3E28CF004FCBF9 /* DetailController.h */,
				336EB7D81C3E28CF004FCBF9 /* DetailController.m */,
			);
			path = HDMovie;
			sourceTree = "<group>";
		};
		335AF67D1C3A682D006EA113 /* Supporting Files */ = {
			isa = PBXGroup;
			children = (
				335AF67E1C3A682D006EA113 /* main.m */,
			);
			name = "Supporting Files";
			sourceTree = "<group>";
		};
		335AF6991C3A682D006EA113 /* HDMovieTests */ = {
			isa = PBXGroup;
			children = (
				335AF69A1C3A682D006EA113 /* HDMovieTests.m */,
				335AF69C1C3A682D006EA113 /* Info.plist */,
			);
			path = HDMovieTests;
			sourceTree = "<group>";
		};
		335AF6A41C3A682D006EA113 /* HDMovieUITests */ = {
			isa = PBXGroup;
			children = (
				335AF6A51C3A682D006EA113 /* HDMovieUITests.m */,
				335AF6A71C3A682D006EA113 /* Info.plist */,
			);
			path = HDMovieUITests;
			sourceTree = "<group>";
		};
		335AF6F61C3D17FE006EA113 /* Models */ = {
			isa = PBXGroup;
			children = (
				335AF6F71C3D1824006EA113 /* Movie.h */,
				335AF6F81C3D1824006EA113 /* Movie.m */,
				336EB7A81C3E1285004FCBF9 /* Categories.h */,
				336EB7A91C3E1285004FCBF9 /* Categories.m */,
			);
			name = Models;
			sourceTree = "<group>";
		};
		33D4CBC61C3F861500F4235C /* JSONModel */ = {
			isa = PBXGroup;
			children = (
				33D4CBBE1C3F861500F4235C /* JSONModel.h */,
				33D4CBBF1C3F861500F4235C /* JSONModel.m */,
				33D4CBC01C3F861500F4235C /* JSONModelArray.h */,
				33D4CBC11C3F861500F4235C /* JSONModelArray.m */,
				33D4CBC21C3F861500F4235C /* JSONModelClassProperty.h */,
				33D4CBC31C3F861500F4235C /* JSONModelClassProperty.m */,
				33D4CBC41C3F861500F4235C /* JSONModelError.h */,
				33D4CBC51C3F861500F4235C /* JSONModelError.m */,
			);
			name = JSONModel;
			path = ../JSONModel/JSONModel;
			sourceTree = "<group>";
		};
		33D4CBC91C3F861500F4235C /* JSONModelCategories */ = {
			isa = PBXGroup;
			children = (
				33D4CBC71C3F861500F4235C /* NSArray+JSONModel.h */,
				33D4CBC81C3F861500F4235C /* NSArray+JSONModel.m */,
			);
			name = JSONModelCategories;
			path = ../JSONModel/JSONModelCategories;
			sourceTree = "<group>";
		};
		33D4CBD01C3F861500F4235C /* JSONModelNetworking */ = {
			isa = PBXGroup;
			children = (
				33D4CBCA1C3F861500F4235C /* JSONAPI.h */,
				33D4CBCB1C3F861500F4235C /* JSONAPI.m */,
				33D4CBCC1C3F861500F4235C /* JSONHTTPClient.h */,
				33D4CBCD1C3F861500F4235C /* JSONHTTPClient.m */,
				33D4CBCE1C3F861500F4235C /* JSONModel+networking.h */,
				33D4CBCF1C3F861500F4235C /* JSONModel+networking.m */,
			);
			name = JSONModelNetworking;
			path = ../JSONModel/JSONModelNetworking;
			sourceTree = "<group>";
		};
		33D4CBD51C3F861500F4235C /* JSONModelTransformations */ = {
			isa = PBXGroup;
			children = (
				33D4CBD11C3F861500F4235C /* JSONKeyMapper.h */,
				33D4CBD21C3F861500F4235C /* JSONKeyMapper.m */,
				33D4CBD31C3F861500F4235C /* JSONValueTransformer.h */,
				33D4CBD41C3F861500F4235C /* JSONValueTransformer.m */,
			);
			name = JSONModelTransformations;
			path = ../JSONModel/JSONModelTransformations;
			sourceTree = "<group>";
		};
/* End PBXGroup section */

/* Begin PBXNativeTarget section */
		335AF6791C3A682D006EA113 /* HDMovie */ = {
			isa = PBXNativeTarget;
			buildConfigurationList = 335AF6AA1C3A682D006EA113 /* Build configuration list for PBXNativeTarget "HDMovie" */;
			buildPhases = (
				335AF6761C3A682D006EA113 /* Sources */,
				335AF6771C3A682D006EA113 /* Frameworks */,
				335AF6781C3A682D006EA113 /* Resources */,
			);
			buildRules = (
			);
			dependencies = (
			);
			name = HDMovie;
			productName = HDMovie;
			productReference = 335AF67A1C3A682D006EA113 /* HDMovie.app */;
			productType = "com.apple.product-type.application";
		};
		335AF6951C3A682D006EA113 /* HDMovieTests */ = {
			isa = PBXNativeTarget;
			buildConfigurationList = 335AF6AD1C3A682D006EA113 /* Build configuration list for PBXNativeTarget "HDMovieTests" */;
			buildPhases = (
				335AF6921C3A682D006EA113 /* Sources */,
				335AF6931C3A682D006EA113 /* Frameworks */,
				335AF6941C3A682D006EA113 /* Resources */,
			);
			buildRules = (
			);
			dependencies = (
				335AF6981C3A682D006EA113 /* PBXTargetDependency */,
			);
			name = HDMovieTests;
			productName = HDMovieTests;
			productReference = 335AF6961C3A682D006EA113 /* HDMovieTests.xctest */;
			productType = "com.apple.product-type.bundle.unit-test";
		};
		335AF6A01C3A682D006EA113 /* HDMovieUITests */ = {
			isa = PBXNativeTarget;
			buildConfigurationList = 335AF6B01C3A682D006EA113 /* Build configuration list for PBXNativeTarget "HDMovieUITests" */;
			buildPhases = (
				335AF69D1C3A682D006EA113 /* Sources */,
				335AF69E1C3A682D006EA113 /* Frameworks */,
				335AF69F1C3A682D006EA113 /* Resources */,
			);
			buildRules = (
			);
			dependencies = (
				335AF6A31C3A682D006EA113 /* PBXTargetDependency */,
			);
			name = HDMovieUITests;
			productName = HDMovieUITests;
			productReference = 335AF6A11C3A682D006EA113 /* HDMovieUITests.xctest */;
			productType = "com.apple.product-type.bundle.ui-testing";
		};
/* End PBXNativeTarget section */

/* Begin PBXProject section */
		335AF6721C3A682C006EA113 /* Project object */ = {
			isa = PBXProject;
			attributes = {
				LastUpgradeCheck = 0720;
				ORGANIZATIONNAME = Vinhdn;
				TargetAttributes = {
					335AF6791C3A682D006EA113 = {
						CreatedOnToolsVersion = 7.2;
						DevelopmentTeam = ZF9K4LV2N8;
					};
					335AF6951C3A682D006EA113 = {
						CreatedOnToolsVersion = 7.2;
						DevelopmentTeam = ZF9K4LV2N8;
						TestTargetID = 335AF6791C3A682D006EA113;
					};
					335AF6A01C3A682D006EA113 = {
						CreatedOnToolsVersion = 7.2;
						DevelopmentTeam = ZF9K4LV2N8;
						TestTargetID = 335AF6791C3A682D006EA113;
					};
				};
			};
			buildConfigurationList = 335AF6751C3A682C006EA113 /* Build configuration list for PBXProject "HDMovie" */;
			compatibilityVersion = "Xcode 3.2";
			developmentRegion = English;
			hasScannedForEncodings = 0;
			knownRegions = (
				en,
				Base,
			);
			mainGroup = 335AF6711C3A682C006EA113;
			productRefGroup = 335AF67B1C3A682D006EA113 /* Products */;
			projectDirPath = "";
			projectRoot = "";
			targets = (
				335AF6791C3A682D006EA113 /* HDMovie */,
				335AF6951C3A682D006EA113 /* HDMovieTests */,
				335AF6A01C3A682D006EA113 /* HDMovieUITests */,
			);
		};
/* End PBXProject section */

/* Begin PBXResourcesBuildPhase section */
		335AF6781C3A682D006EA113 /* Resources */ = {
			isa = PBXResourcesBuildPhase;
			buildActionMask = 2147483647;
			files = (
				335AF6901C3A682D006EA113 /* LaunchScreen.storyboard in Resources */,
				335AF68D1C3A682D006EA113 /* Assets.xcassets in Resources */,
				335AF6881C3A682D006EA113 /* Main.storyboard in Resources */,
				335AF6F51C3CCA2D006EA113 /* AFNetworking in Resources */,
				336EB7D61C3E240E004FCBF9 /* UIKit+AFNetworking in Resources */,
				335AF6D31C3CC7E3006EA113 /* AFNetworking in Resources */,
			);
			runOnlyForDeploymentPostprocessing = 0;
		};
		335AF6941C3A682D006EA113 /* Resources */ = {
			isa = PBXResourcesBuildPhase;
			buildActionMask = 2147483647;
			files = (
			);
			runOnlyForDeploymentPostprocessing = 0;
		};
		335AF69F1C3A682D006EA113 /* Resources */ = {
			isa = PBXResourcesBuildPhase;
			buildActionMask = 2147483647;
			files = (
			);
			runOnlyForDeploymentPostprocessing = 0;
		};
/* End PBXResourcesBuildPhase section */

/* Begin PBXSourcesBuildPhase section */
		335AF6761C3A682D006EA113 /* Sources */ = {
			isa = PBXSourcesBuildPhase;
			buildActionMask = 2147483647;
			files = (
				33D4CBBC1C3F7A2900F4235C /* AFNetworking in Sources */,
				33D4CBBB1C3F7A1F00F4235C /* UIKit+AFNetworking in Sources */,
				335AF6F91C3D1824006EA113 /* Movie.m in Sources */,
				336EB7AA1C3E1285004FCBF9 /* Categories.m in Sources */,
				335AF6F11C3CC8ED006EA113 /* AFAppDotNetAPIClient.m in Sources */,
				335AF6B51C3A7A6A006EA113 /* CollectionViewController.m in Sources */,
				335AF6BE1C3CB801006EA113 /* ApiConnect.m in Sources */,
				335AF6C91C3CC4C9006EA113 /* User.m in Sources */,
				335AF6B81C3A7A87006EA113 /* CollectionViewCell.m in Sources */,
				335AF68B1C3A682D006EA113 /* HDMovie.xcdatamodeld in Sources */,
				336EB7D91C3E28CF004FCBF9 /* DetailController.m in Sources */,
				335AF6BB1C3CB171006EA113 /* HeaderCollectionView.m in Sources */,
				335AF6821C3A682D006EA113 /* AppDelegate.m in Sources */,
				335AF67F1C3A682D006EA113 /* main.m in Sources */,
				335AF6C61C3CC49E006EA113 /* Post.m in Sources */,
			);
			runOnlyForDeploymentPostprocessing = 0;
		};
		335AF6921C3A682D006EA113 /* Sources */ = {
			isa = PBXSourcesBuildPhase;
			buildActionMask = 2147483647;
			files = (
				335AF69B1C3A682D006EA113 /* HDMovieTests.m in Sources */,
			);
			runOnlyForDeploymentPostprocessing = 0;
		};
		335AF69D1C3A682D006EA113 /* Sources */ = {
			isa = PBXSourcesBuildPhase;
			buildActionMask = 2147483647;
			files = (
				335AF6A61C3A682D006EA113 /* HDMovieUITests.m in Sources */,
			);
			runOnlyForDeploymentPostprocessing = 0;
		};
/* End PBXSourcesBuildPhase section */

/* Begin PBXTargetDependency section */
		335AF6981C3A682D006EA113 /* PBXTargetDependency */ = {
			isa = PBXTargetDependency;
			target = 335AF6791C3A682D006EA113 /* HDMovie */;
			targetProxy = 335AF6971C3A682D006EA113 /* PBXContainerItemProxy */;
		};
		335AF6A31C3A682D006EA113 /* PBXTargetDependency */ = {
			isa = PBXTargetDependency;
			target = 335AF6791C3A682D006EA113 /* HDMovie */;
			targetProxy = 335AF6A21C3A682D006EA113 /* PBXContainerItemProxy */;
		};
/* End PBXTargetDependency section */

/* Begin PBXVariantGroup section */
		335AF6861C3A682D006EA113 /* Main.storyboard */ = {
			isa = PBXVariantGroup;
			children = (
				335AF6871C3A682D006EA113 /* Base */,
			);
			name = Main.storyboard;
			sourceTree = "<group>";
		};
		335AF68E1C3A682D006EA113 /* LaunchScreen.storyboard */ = {
			isa = PBXVariantGroup;
			children = (
				335AF68F1C3A682D006EA113 /* Base */,
			);
			name = LaunchScreen.storyboard;
			sourceTree = "<group>";
		};
/* End PBXVariantGroup section */

/* Begin XCBuildConfiguration section */
		335AF6A81C3A682D006EA113 /* Debug */ = {
			isa = XCBuildConfiguration;
			buildSettings = {
				ALWAYS_SEARCH_USER_PATHS = NO;
				CLANG_CXX_LANGUAGE_STANDARD = "gnu++0x";
				CLANG_CXX_LIBRARY = "libc++";
				CLANG_ENABLE_MODULES = YES;
				CLANG_ENABLE_OBJC_ARC = YES;
				CLANG_WARN_BOOL_CONVERSION = YES;
				CLANG_WARN_CONSTANT_CONVERSION = YES;
				CLANG_WARN_DIRECT_OBJC_ISA_USAGE = YES_ERROR;
				CLANG_WARN_EMPTY_BODY = YES;
				CLANG_WARN_ENUM_CONVERSION = YES;
				CLANG_WARN_INT_CONVERSION = YES;
				CLANG_WARN_OBJC_ROOT_CLASS = YES_ERROR;
				CLANG_WARN_UNREACHABLE_CODE = YES;
				CLANG_WARN__DUPLICATE_METHOD_MATCH = YES;
				"CODE_SIGN_IDENTITY[sdk=iphoneos*]" = "iPhone Developer";
				COPY_PHASE_STRIP = NO;
				DEBUG_INFORMATION_FORMAT = dwarf;
				ENABLE_STRICT_OBJC_MSGSEND = YES;
				ENABLE_TESTABILITY = YES;
				GCC_C_LANGUAGE_STANDARD = gnu99;
				GCC_DYNAMIC_NO_PIC = NO;
				GCC_NO_COMMON_BLOCKS = YES;
				GCC_OPTIMIZATION_LEVEL = 0;
				GCC_PREPROCESSOR_DEFINITIONS = (
					"DEBUG=1",
					"$(inherited)",
				);
				GCC_WARN_64_TO_32_BIT_CONVERSION = YES;
				GCC_WARN_ABOUT_RETURN_TYPE = YES_ERROR;
				GCC_WARN_UNDECLARED_SELECTOR = YES;
				GCC_WARN_UNINITIALIZED_AUTOS = YES_AGGRESSIVE;
				GCC_WARN_UNUSED_FUNCTION = YES;
				GCC_WARN_UNUSED_VARIABLE = YES;
				IPHONEOS_DEPLOYMENT_TARGET = 9.2;
				MTL_ENABLE_DEBUG_INFO = YES;
				ONLY_ACTIVE_ARCH = YES;
				SDKROOT = iphoneos;
				TARGETED_DEVICE_FAMILY = "1,2";
			};
			name = Debug;
		};
		335AF6A91C3A682D006EA113 /* Release */ = {
			isa = XCBuildConfiguration;
			buildSettings = {
				ALWAYS_SEARCH_USER_PATHS = NO;
				CLANG_CXX_LANGUAGE_STANDARD = "gnu++0x";
				CLANG_CXX_LIBRARY = "libc++";
				CLANG_ENABLE_MODULES = YES;
				CLANG_ENABLE_OBJC_ARC = YES;
				CLANG_WARN_BOOL_CONVERSION = YES;
				CLANG_WARN_CONSTANT_CONVERSION = YES;
				CLANG_WARN_DIRECT_OBJC_ISA_USAGE = YES_ERROR;
				CLANG_WARN_EMPTY_BODY = YES;
				CLANG_WARN_ENUM_CONVERSION = YES;
				CLANG_WARN_INT_CONVERSION = YES;
				CLANG_WARN_OBJC_ROOT_CLASS = YES_ERROR;
				CLANG_WARN_UNREACHABLE_CODE = YES;
				CLANG_WARN__DUPLICATE_METHOD_MATCH = YES;
				"CODE_SIGN_IDENTITY[sdk=iphoneos*]" = "iPhone Developer";
				COPY_PHASE_STRIP = NO;
				DEBUG_INFORMATION_FORMAT = "dwarf-with-dsym";
				ENABLE_NS_ASSERTIONS = NO;
				ENABLE_STRICT_OBJC_MSGSEND = YES;
				GCC_C_LANGUAGE_STANDARD = gnu99;
				GCC_NO_COMMON_BLOCKS = YES;
				GCC_WARN_64_TO_32_BIT_CONVERSION = YES;
				GCC_WARN_ABOUT_RETURN_TYPE = YES_ERROR;
				GCC_WARN_UNDECLARED_SELECTOR = YES;
				GCC_WARN_UNINITIALIZED_AUTOS = YES_AGGRESSIVE;
				GCC_WARN_UNUSED_FUNCTION = YES;
				GCC_WARN_UNUSED_VARIABLE = YES;
				IPHONEOS_DEPLOYMENT_TARGET = 9.2;
				MTL_ENABLE_DEBUG_INFO = NO;
				SDKROOT = iphoneos;
				TARGETED_DEVICE_FAMILY = "1,2";
				VALIDATE_PRODUCT = YES;
			};
			name = Release;
		};
		335AF6AB1C3A682D006EA113 /* Debug */ = {
			isa = XCBuildConfiguration;
			buildSettings = {
				ASSETCATALOG_COMPILER_APPICON_NAME = AppIcon;
				INFOPLIST_FILE = HDMovie/Info.plist;
				LD_RUNPATH_SEARCH_PATHS = "$(inherited) @executable_path/Frameworks";
				ONLY_ACTIVE_ARCH = YES;
				PRODUCT_BUNDLE_IDENTIFIER = me.vinhdn.HDMovie;
				PRODUCT_NAME = "$(TARGET_NAME)";
			};
			name = Debug;
		};
		335AF6AC1C3A682D006EA113 /* Release */ = {
			isa = XCBuildConfiguration;
			buildSettings = {
				ASSETCATALOG_COMPILER_APPICON_NAME = AppIcon;
				INFOPLIST_FILE = HDMovie/Info.plist;
				LD_RUNPATH_SEARCH_PATHS = "$(inherited) @executable_path/Frameworks";
				ONLY_ACTIVE_ARCH = YES;
				PRODUCT_BUNDLE_IDENTIFIER = me.vinhdn.HDMovie;
				PRODUCT_NAME = "$(TARGET_NAME)";
			};
			name = Release;
		};
		335AF6AE1C3A682D006EA113 /* Debug */ = {
			isa = XCBuildConfiguration;
			buildSettings = {
				BUNDLE_LOADER = "$(TEST_HOST)";
				INFOPLIST_FILE = HDMovieTests/Info.plist;
				LD_RUNPATH_SEARCH_PATHS = "$(inherited) @executable_path/Frameworks @loader_path/Frameworks";
				PRODUCT_BUNDLE_IDENTIFIER = me.vinhdn.HDMovieTests;
				PRODUCT_NAME = "$(TARGET_NAME)";
				TEST_HOST = "$(BUILT_PRODUCTS_DIR)/HDMovie.app/HDMovie";
			};
			name = Debug;
		};
		335AF6AF1C3A682D006EA113 /* Release */ = {
			isa = XCBuildConfiguration;
			buildSettings = {
				BUNDLE_LOADER = "$(TEST_HOST)";
				INFOPLIST_FILE = HDMovieTests/Info.plist;
				LD_RUNPATH_SEARCH_PATHS = "$(inherited) @executable_path/Frameworks @loader_path/Frameworks";
				PRODUCT_BUNDLE_IDENTIFIER = me.vinhdn.HDMovieTests;
				PRODUCT_NAME = "$(TARGET_NAME)";
				TEST_HOST = "$(BUILT_PRODUCTS_DIR)/HDMovie.app/HDMovie";
			};
			name = Release;
		};
		335AF6B11C3A682D006EA113 /* Debug */ = {
			isa = XCBuildConfiguration;
			buildSettings = {
				INFOPLIST_FILE = HDMovieUITests/Info.plist;
				LD_RUNPATH_SEARCH_PATHS = "$(inherited) @executable_path/Frameworks @loader_path/Frameworks";
				PRODUCT_BUNDLE_IDENTIFIER = me.vinhdn.HDMovieUITests;
				PRODUCT_NAME = "$(TARGET_NAME)";
				TEST_TARGET_NAME = HDMovie;
				USES_XCTRUNNER = YES;
			};
			name = Debug;
		};
		335AF6B21C3A682D006EA113 /* Release */ = {
			isa = XCBuildConfiguration;
			buildSettings = {
				INFOPLIST_FILE = HDMovieUITests/Info.plist;
				LD_RUNPATH_SEARCH_PATHS = "$(inherited) @executable_path/Frameworks @loader_path/Frameworks";
				PRODUCT_BUNDLE_IDENTIFIER = me.vinhdn.HDMovieUITests;
				PRODUCT_NAME = "$(TARGET_NAME)";
				TEST_TARGET_NAME = HDMovie;
				USES_XCTRUNNER = YES;
			};
			name = Release;
		};
/* End XCBuildConfiguration section */

/* Begin XCConfigurationList section */
		335AF6751C3A682C006EA113 /* Build configuration list for PBXProject "HDMovie" */ = {
			isa = XCConfigurationList;
			buildConfigurations = (
				335AF6A81C3A682D006EA113 /* Debug */,
				335AF6A91C3A682D006EA113 /* Release */,
			);
			defaultConfigurationIsVisible = 0;
			defaultConfigurationName = Release;
		};
		335AF6AA1C3A682D006EA113 /* Build configuration list for PBXNativeTarget "HDMovie" */ = {
			isa = XCConfigurationList;
			buildConfigurations = (
				335AF6AB1C3A682D006EA113 /* Debug */,
				335AF6AC1C3A682D006EA113 /* Release */,
			);
			defaultConfigurationIsVisible = 0;
			defaultConfigurationName = Release;
		};
		335AF6AD1C3A682D006EA113 /* Build configuration list for PBXNativeTarget "HDMovieTests" */ = {
			isa = XCConfigurationList;
			buildConfigurations = (
				335AF6AE1C3A682D006EA113 /* Debug */,
				335AF6AF1C3A682D006EA113 /* Release */,
			);
			defaultConfigurationIsVisible = 0;
			defaultConfigurationName = Release;
		};
		335AF6B01C3A682D006EA113 /* Build configuration list for PBXNativeTarget "HDMovieUITests" */ = {
			isa = XCConfigurationList;
			buildConfigurations = (
				335AF6B11C3A682D006EA113 /* Debug */,
				335AF6B21C3A682D006EA113 /* Release */,
			);
			defaultConfigurationIsVisible = 0;
			defaultConfigurationName = Release;
		};
/* End XCConfigurationList section */

/* Begin XCVersionGroup section */
		335AF6891C3A682D006EA113 /* HDMovie.xcdatamodeld */ = {
			isa = XCVersionGroup;
			children = (
				335AF68A1C3A682D006EA113 /* HDMovie.xcdatamodel */,
			);
			currentVersion = 335AF68A1C3A682D006EA113 /* HDMovie.xcdatamodel */;
			path = HDMovie.xcdatamodeld;
			sourceTree = "<group>";
			versionGroupType = wrapper.xcdatamodel;
		};
/* End XCVersionGroup section */
	};
	rootObject = 335AF6721C3A682C006EA113 /* Project object */;
}
